
Microsoft Visual Studio Solution File, Format Version 12.00
# Visual Studio 15
VisualStudioVersion = 15.0.27130.2036
MinimumVisualStudioVersion = 10.0.40219.1
Project("{FAE04EC0-301F-11D3-BF4B-00C04F79EFBC}") = "PhoneBookTestApp", "PhoneBookTestApp\PhoneBookTestApp.csproj", "{9430F69C-321F-4A0C-BAD5-3D802A89F835}"
EndProject
Project("{FAE04EC0-301F-11D3-BF4B-00C04F79EFBC}") = "PhoneBookTestAppTests", "PhoneBookTestAppTests\PhoneBookTestAppTests.csproj", "{7557F562-68DA-4EB4-8C76-5A1ACFF50FAC}"
EndProject
Global
	GlobalSection(SolutionConfigurationPlatforms) = preSolution
		Debug|Any CPU = Debug|Any CPU
		Release|Any CPU = Release|Any CPU
	EndGlobalSection
	GlobalSection(ProjectConfigurationPlatforms) = postSolution
		{9430F69C-321F-4A0C-BAD5-3D802A89F835}.Debug|Any CPU.ActiveCfg = Debug|Any CPU
		{9430F69C-321F-4A0C-BAD5-3D802A89F835}.Debug|Any CPU.Build.0 = Debug|Any CPU
		{9430F69C-321F-4A0C-BAD5-3D802A89F835}.Release|Any CPU.ActiveCfg = Release|Any CPU
		{9430F69C-321F-4A0C-BAD5-3D802A89F835}.Release|Any CPU.Build.0 = Release|Any CPU
		{7557F562-68DA-4EB4-8C76-5A1ACFF50FAC}.Debug|Any CPU.ActiveCfg = Debug|Any CPU
		{7557F562-68DA-4EB4-8C76-5A1ACFF50FAC}.Debug|Any CPU.Build.0 = Debug|Any CPU
		{7557F562-68DA-4EB4-8C76-5A1ACFF50FAC}.Release|Any CPU.ActiveCfg = Release|Any CPU
		{7557F562-68DA-4EB4-8C76-5A1ACFF50FAC}.Release|Any CPU.Build.0 = Release|Any CPU
	EndGlobalSection
	GlobalSection(SolutionProperties) = preSolution
		HideSolutionNode = FALSE
	EndGlobalSection
	GlobalSection(ExtensibilityGlobals) = postSolution
		SolutionGuid = {B76D52A9-0417-468E-B981-51772F0C7C10}
	EndGlobalSection
EndGlobal
